// !$*UTF8*$!
{
	archiveVersion = 1;
	classes = {
	};
	objectVersion = 48;
	objects = {

/* Begin PBXBuildFile section */
		59D0FF971F3C070200CC371A /* AppDelegate.swift in Sources */ = {isa = PBXBuildFile; fileRef = 59D0FF961F3C070200CC371A /* AppDelegate.swift */; };
		59D0FF991F3C070200CC371A /* ViewController.swift in Sources */ = {isa = PBXBuildFile; fileRef = 59D0FF981F3C070200CC371A /* ViewController.swift */; };
		59D0FF9C1F3C070200CC371A /* Main.storyboard in Resources */ = {isa = PBXBuildFile; fileRef = 59D0FF9A1F3C070200CC371A /* Main.storyboard */; };
		59D0FF9E1F3C070200CC371A /* Assets.xcassets in Resources */ = {isa = PBXBuildFile; fileRef = 59D0FF9D1F3C070200CC371A /* Assets.xcassets */; };
		59D0FFAC1F3C070200CC371A /* CollectionVCTests.swift in Sources */ = {isa = PBXBuildFile; fileRef = 59D0FFAB1F3C070200CC371A /* CollectionVCTests.swift */; };
		59D0FFB71F3C070200CC371A /* CollectionVCUITests.swift in Sources */ = {isa = PBXBuildFile; fileRef = 59D0FFB61F3C070200CC371A /* CollectionVCUITests.swift */; };
		59D549701F440B3C009B8EF5 /* Cell.swift in Sources */ = {isa = PBXBuildFile; fileRef = 59D5496F1F440B3C009B8EF5 /* Cell.swift */; };
		59D549741F440F76009B8EF5 /* ReposModel.swift in Sources */ = {isa = PBXBuildFile; fileRef = 59D549731F440F76009B8EF5 /* ReposModel.swift */; };
		59D549761F440F88009B8EF5 /* Owner.swift in Sources */ = {isa = PBXBuildFile; fileRef = 59D549751F440F88009B8EF5 /* Owner.swift */; };
		59D549781F440F98009B8EF5 /* Constants.swift in Sources */ = {isa = PBXBuildFile; fileRef = 59D549771F440F98009B8EF5 /* Constants.swift */; };
/* End PBXBuildFile section */

/* Begin PBXContainerItemProxy section */
		59D0FFA81F3C070200CC371A /* PBXContainerItemProxy */ = {
			isa = PBXContainerItemProxy;
			containerPortal = 59D0FF8B1F3C070200CC371A /* Project object */;
			proxyType = 1;
			remoteGlobalIDString = 59D0FF921F3C070200CC371A;
			remoteInfo = CollectionVC;
		};
		59D0FFB31F3C070200CC371A /* PBXContainerItemProxy */ = {
			isa = PBXContainerItemProxy;
			containerPortal = 59D0FF8B1F3C070200CC371A /* Project object */;
			proxyType = 1;
			remoteGlobalIDString = 59D0FF921F3C070200CC371A;
			remoteInfo = CollectionVC;
		};
/* End PBXContainerItemProxy section */

/* Begin PBXFileReference section */
		59D0FF931F3C070200CC371A /* CollectionVC.app */ = {isa = PBXFileReference; explicitFileType = wrapper.application; includeInIndex = 0; path = CollectionVC.app; sourceTree = BUILT_PRODUCTS_DIR; };
		59D0FF961F3C070200CC371A /* AppDelegate.swift */ = {isa = PBXFileReference; lastKnownFileType = sourcecode.swift; path = AppDelegate.swift; sourceTree = "<group>"; };
		59D0FF981F3C070200CC371A /* ViewController.swift */ = {isa = PBXFileReference; lastKnownFileType = sourcecode.swift; path = ViewController.swift; sourceTree = "<group>"; };
		59D0FF9B1F3C070200CC371A /* Base */ = {isa = PBXFileReference; lastKnownFileType = file.storyboard; name = Base; path = Base.lproj/Main.storyboard; sourceTree = "<group>"; };
		59D0FF9D1F3C070200CC371A /* Assets.xcassets */ = {isa = PBXFileReference; lastKnownFileType = folder.assetcatalog; path = Assets.xcassets; sourceTree = "<group>"; };
		59D0FFA21F3C070200CC371A /* Info.plist */ = {isa = PBXFileReference; lastKnownFileType = text.plist.xml; path = Info.plist; sourceTree = "<group>"; };
		59D0FFA71F3C070200CC371A /* CollectionVCTests.xctest */ = {isa = PBXFileReference; explicitFileType = wrapper.cfbundle; includeInIndex = 0; path = CollectionVCTests.xctest; sourceTree = BUILT_PRODUCTS_DIR; };
		59D0FFAB1F3C070200CC371A /* CollectionVCTests.swift */ = {isa = PBXFileReference; lastKnownFileType = sourcecode.swift; path = CollectionVCTests.swift; sourceTree = "<group>"; };
		59D0FFAD1F3C070200CC371A /* Info.plist */ = {isa = PBXFileReference; lastKnownFileType = text.plist.xml; path = Info.plist; sourceTree = "<group>"; };
		59D0FFB21F3C070200CC371A /* CollectionVCUITests.xctest */ = {isa = PBXFileReference; explicitFileType = wrapper.cfbundle; includeInIndex = 0; path = CollectionVCUITests.xctest; sourceTree = BUILT_PRODUCTS_DIR; };
		59D0FFB61F3C070200CC371A /* CollectionVCUITests.swift */ = {isa = PBXFileReference; lastKnownFileType = sourcecode.swift; path = CollectionVCUITests.swift; sourceTree = "<group>"; };
		59D0FFB81F3C070200CC371A /* Info.plist */ = {isa = PBXFileReference; lastKnownFileType = text.plist.xml; path = Info.plist; sourceTree = "<group>"; };
		59D5496F1F440B3C009B8EF5 /* Cell.swift */ = {isa = PBXFileReference; lastKnownFileType = sourcecode.swift; path = Cell.swift; sourceTree = "<group>"; };
		59D549731F440F76009B8EF5 /* ReposModel.swift */ = {isa = PBXFileReference; lastKnownFileType = sourcecode.swift; path = ReposModel.swift; sourceTree = "<group>"; };
		59D549751F440F88009B8EF5 /* Owner.swift */ = {isa = PBXFileReference; lastKnownFileType = sourcecode.swift; path = Owner.swift; sourceTree = "<group>"; };
		59D549771F440F98009B8EF5 /* Constants.swift */ = {isa = PBXFileReference; lastKnownFileType = sourcecode.swift; path = Constants.swift; sourceTree = "<group>"; };
/* End PBXFileReference section */

/* Begin PBXFrameworksBuildPhase section */
		59D0FF901F3C070200CC371A /* Frameworks */ = {
			isa = PBXFrameworksBuildPhase;
			buildActionMask = 2147483647;
			files = (
			);
			runOnlyForDeploymentPostprocessing = 0;
		};
		59D0FFA41F3C070200CC371A /* Frameworks */ = {
			isa = PBXFrameworksBuildPhase;
			buildActionMask = 2147483647;
			files = (
			);
			runOnlyForDeploymentPostprocessing = 0;
		};
		59D0FFAF1F3C070200CC371A /* Frameworks */ = {
			isa = PBXFrameworksBuildPhase;
			buildActionMask = 2147483647;
			files = (
			);
			runOnlyForDeploymentPostprocessing = 0;
		};
/* End PBXFrameworksBuildPhase section */

/* Begin PBXGroup section */
		59D0FF8A1F3C070200CC371A = {
			isa = PBXGroup;
			children = (
				59D0FF951F3C070200CC371A /* CollectionVC */,
				59D0FFAA1F3C070200CC371A /* CollectionVCTests */,
				59D0FFB51F3C070200CC371A /* CollectionVCUITests */,
				59D0FF941F3C070200CC371A /* Products */,
			);
			sourceTree = "<group>";
		};
		59D0FF941F3C070200CC371A /* Products */ = {
			isa = PBXGroup;
			children = (
				59D0FF931F3C070200CC371A /* CollectionVC.app */,
				59D0FFA71F3C070200CC371A /* CollectionVCTests.xctest */,
				59D0FFB21F3C070200CC371A /* CollectionVCUITests.xctest */,
			);
			name = Products;
			sourceTree = "<group>";
		};
		59D0FF951F3C070200CC371A /* CollectionVC */ = {
			isa = PBXGroup;
			children = (
				59D0FF961F3C070200CC371A /* AppDelegate.swift */,
				59D0FF981F3C070200CC371A /* ViewController.swift */,
				59D5496F1F440B3C009B8EF5 /* Cell.swift */,
				59D549751F440F88009B8EF5 /* Owner.swift */,
				59D549731F440F76009B8EF5 /* ReposModel.swift */,
				59D549771F440F98009B8EF5 /* Constants.swift */,
				59D0FF9A1F3C070200CC371A /* Main.storyboard */,
				59D0FF9D1F3C070200CC371A /* Assets.xcassets */,
				59D0FFA21F3C070200CC371A /* Info.plist */,
			);
			path = CollectionVC;
			sourceTree = "<group>";
		};
		59D0FFAA1F3C070200CC371A /* CollectionVCTests */ = {
			isa = PBXGroup;
			children = (
				59D0FFAB1F3C070200CC371A /* CollectionVCTests.swift */,
				59D0FFAD1F3C070200CC371A /* Info.plist */,
			);
			path = CollectionVCTests;
			sourceTree = "<group>";
		};
		59D0FFB51F3C070200CC371A /* CollectionVCUITests */ = {
			isa = PBXGroup;
			children = (
				59D0FFB61F3C070200CC371A /* CollectionVCUITests.swift */,
				59D0FFB81F3C070200CC371A /* Info.plist */,
			);
			path = CollectionVCUITests;
			sourceTree = "<group>";
		};
/* End PBXGroup section */

/* Begin PBXNativeTarget section */
		59D0FF921F3C070200CC371A /* CollectionVC */ = {
			isa = PBXNativeTarget;
			buildConfigurationList = 59D0FFBB1F3C070200CC371A /* Build configuration list for PBXNativeTarget "CollectionVC" */;
			buildPhases = (
				59D0FF8F1F3C070200CC371A /* Sources */,
				59D0FF901F3C070200CC371A /* Frameworks */,
				59D0FF911F3C070200CC371A /* Resources */,
			);
			buildRules = (
			);
			dependencies = (
			);
			name = CollectionVC;
			productName = CollectionVC;
			productReference = 59D0FF931F3C070200CC371A /* CollectionVC.app */;
			productType = "com.apple.product-type.application";
		};
		59D0FFA61F3C070200CC371A /* CollectionVCTests */ = {
			isa = PBXNativeTarget;
			buildConfigurationList = 59D0FFBE1F3C070200CC371A /* Build configuration list for PBXNativeTarget "CollectionVCTests" */;
			buildPhases = (
				59D0FFA31F3C070200CC371A /* Sources */,
				59D0FFA41F3C070200CC371A /* Frameworks */,
				59D0FFA51F3C070200CC371A /* Resources */,
			);
			buildRules = (
			);
			dependencies = (
				59D0FFA91F3C070200CC371A /* PBXTargetDependency */,
			);
			name = CollectionVCTests;
			productName = CollectionVCTests;
			productReference = 59D0FFA71F3C070200CC371A /* CollectionVCTests.xctest */;
			productType = "com.apple.product-type.bundle.unit-test";
		};
		59D0FFB11F3C070200CC371A /* CollectionVCUITests */ = {
			isa = PBXNativeTarget;
			buildConfigurationList = 59D0FFC11F3C070200CC371A /* Build configuration list for PBXNativeTarget "CollectionVCUITests" */;
			buildPhases = (
				59D0FFAE1F3C070200CC371A /* Sources */,
				59D0FFAF1F3C070200CC371A /* Frameworks */,
				59D0FFB01F3C070200CC371A /* Resources */,
			);
			buildRules = (
			);
			dependencies = (
				59D0FFB41F3C070200CC371A /* PBXTargetDependency */,
			);
			name = CollectionVCUITests;
			productName = CollectionVCUITests;
			productReference = 59D0FFB21F3C070200CC371A /* CollectionVCUITests.xctest */;
			productType = "com.apple.product-type.bundle.ui-testing";
		};
/* End PBXNativeTarget section */

/* Begin PBXProject section */
		59D0FF8B1F3C070200CC371A /* Project object */ = {
			isa = PBXProject;
			attributes = {
				LastSwiftUpdateCheck = 0900;
				LastUpgradeCheck = 0900;
				ORGANIZATIONNAME = "le tuan anh";
				TargetAttributes = {
					59D0FF921F3C070200CC371A = {
						CreatedOnToolsVersion = 9.0;
					};
					59D0FFA61F3C070200CC371A = {
						CreatedOnToolsVersion = 9.0;
						TestTargetID = 59D0FF921F3C070200CC371A;
					};
					59D0FFB11F3C070200CC371A = {
						CreatedOnToolsVersion = 9.0;
						TestTargetID = 59D0FF921F3C070200CC371A;
					};
				};
			};
			buildConfigurationList = 59D0FF8E1F3C070200CC371A /* Build configuration list for PBXProject "CollectionVC" */;
			compatibilityVersion = "Xcode 8.0";
			developmentRegion = en;
			hasScannedForEncodings = 0;
			knownRegions = (
				en,
				Base,
			);
			mainGroup = 59D0FF8A1F3C070200CC371A;
			productRefGroup = 59D0FF941F3C070200CC371A /* Products */;
			projectDirPath = "";
			projectRoot = "";
			targets = (
				59D0FF921F3C070200CC371A /* CollectionVC */,
				59D0FFA61F3C070200CC371A /* CollectionVCTests */,
				59D0FFB11F3C070200CC371A /* CollectionVCUITests */,
			);
		};
/* End PBXProject section */

/* Begin PBXResourcesBuildPhase section */
		59D0FF911F3C070200CC371A /* Resources */ = {
			isa = PBXResourcesBuildPhase;
			buildActionMask = 2147483647;
			files = (
				59D0FF9E1F3C070200CC371A /* Assets.xcassets in Resources */,
				59D0FF9C1F3C070200CC371A /* Main.storyboard in Resources */,
			);
			runOnlyForDeploymentPostprocessing = 0;
		};
		59D0FFA51F3C070200CC371A /* Resources */ = {
			isa = PBXResourcesBuildPhase;
			buildActionMask = 2147483647;
			files = (
			);
			runOnlyForDeploymentPostprocessing = 0;
		};
		59D0FFB01F3C070200CC371A /* Resources */ = {
			isa = PBXResourcesBuildPhase;
			buildActionMask = 2147483647;
			files = (
			);
			runOnlyForDeploymentPostprocessing = 0;
		};
/* End PBXResourcesBuildPhase section */

/* Begin PBXSourcesBuildPhase section */
		59D0FF8F1F3C070200CC371A /* Sources */ = {
			isa = PBXSourcesBuildPhase;
			buildActionMask = 2147483647;
			files = (
				59D0FF991F3C070200CC371A /* ViewController.swift in Sources */,
				59D549741F440F76009B8EF5 /* ReposModel.swift in Sources */,
				59D0FF971F3C070200CC371A /* AppDelegate.swift in Sources */,
				59D549761F440F88009B8EF5 /* Owner.swift in Sources */,
				59D549701F440B3C009B8EF5 /* Cell.swift in Sources */,
				59D549781F440F98009B8EF5 /* Constants.swift in Sources */,
			);
			runOnlyForDeploymentPostprocessing = 0;
		};
		59D0FFA31F3C070200CC371A /* Sources */ = {
			isa = PBXSourcesBuildPhase;
			buildActionMask = 2147483647;
			files = (
				59D0FFAC1F3C070200CC371A /* CollectionVCTests.swift in Sources */,
			);
			runOnlyForDeploymentPostprocessing = 0;
		};
		59D0FFAE1F3C070200CC371A /* Sources */ = {
			isa = PBXSourcesBuildPhase;
			buildActionMask = 2147483647;
			files = (
				59D0FFB71F3C070200CC371A /* CollectionVCUITests.swift in Sources */,
			);
			runOnlyForDeploymentPostprocessing = 0;
		};
/* End PBXSourcesBuildPhase section */

/* Begin PBXTargetDependency section */
		59D0FFA91F3C070200CC371A /* PBXTargetDependency */ = {
			isa = PBXTargetDependency;
			target = 59D0FF921F3C070200CC371A /* CollectionVC */;
			targetProxy = 59D0FFA81F3C070200CC371A /* PBXContainerItemProxy */;
		};
		59D0FFB41F3C070200CC371A /* PBXTargetDependency */ = {
			isa = PBXTargetDependency;
			target = 59D0FF921F3C070200CC371A /* CollectionVC */;
			targetProxy = 59D0FFB31F3C070200CC371A /* PBXContainerItemProxy */;
		};
/* End PBXTargetDependency section */

/* Begin PBXVariantGroup section */
		59D0FF9A1F3C070200CC371A /* Main.storyboard */ = {
			isa = PBXVariantGroup;
			children = (
				59D0FF9B1F3C070200CC371A /* Base */,
			);
			name = Main.storyboard;
			sourceTree = "<group>";
		};
/* End PBXVariantGroup section */

/* Begin XCBuildConfiguration section */
		59D0FFB91F3C070200CC371A /* Debug */ = {
			isa = XCBuildConfiguration;
			buildSettings = {
				ALWAYS_SEARCH_USER_PATHS = NO;
				CLANG_ANALYZER_NONNULL = YES;
				CLANG_ANALYZER_NUMBER_OBJECT_CONVERSION = YES_AGGRESSIVE;
				CLANG_CXX_LANGUAGE_STANDARD = "gnu++14";
				CLANG_CXX_LIBRARY = "libc++";
				CLANG_ENABLE_MODULES = YES;
				CLANG_ENABLE_OBJC_ARC = YES;
				CLANG_WARN_BLOCK_CAPTURE_AUTORELEASING = YES;
				CLANG_WARN_BOOL_CONVERSION = YES;
				CLANG_WARN_COMMA = YES;
				CLANG_WARN_CONSTANT_CONVERSION = YES;
				CLANG_WARN_DIRECT_OBJC_ISA_USAGE = YES_ERROR;
				CLANG_WARN_DOCUMENTATION_COMMENTS = YES;
				CLANG_WARN_EMPTY_BODY = YES;
				CLANG_WARN_ENUM_CONVERSION = YES;
				CLANG_WARN_INFINITE_RECURSION = YES;
				CLANG_WARN_INT_CONVERSION = YES;
				CLANG_WARN_NON_LITERAL_NULL_CONVERSION = YES;
				CLANG_WARN_OBJC_LITERAL_CONVERSION = YES;
				CLANG_WARN_OBJC_ROOT_CLASS = YES_ERROR;
				CLANG_WARN_RANGE_LOOP_ANALYSIS = YES;
				CLANG_WARN_STRICT_PROTOTYPES = YES;
				CLANG_WARN_SUSPICIOUS_MOVE = YES;
				CLANG_WARN_UNGUARDED_AVAILABILITY = YES_AGGRESSIVE;
				CLANG_WARN_UNREACHABLE_CODE = YES;
				CLANG_WARN__DUPLICATE_METHOD_MATCH = YES;
				CODE_SIGN_IDENTITY = "iPhone Developer";
				COPY_PHASE_STRIP = NO;
				DEBUG_INFORMATION_FORMAT = dwarf;
				ENABLE_STRICT_OBJC_MSGSEND = YES;
				ENABLE_TESTABILITY = YES;
				GCC_C_LANGUAGE_STANDARD = gnu11;
				GCC_DYNAMIC_NO_PIC = NO;
				GCC_NO_COMMON_BLOCKS = YES;
				GCC_OPTIMIZATION_LEVEL = 0;
				GCC_PREPROCESSOR_DEFINITIONS = (
					"DEBUG=1",
					"$(inherited)",
				);
				GCC_WARN_64_TO_32_BIT_CONVERSION = YES;
				GCC_WARN_ABOUT_RETURN_TYPE = YES_ERROR;
				GCC_WARN_UNDECLARED_SELECTOR = YES;
				GCC_WARN_UNINITIALIZED_AUTOS = YES_AGGRESSIVE;
				GCC_WARN_UNUSED_FUNCTION = YES;
				GCC_WARN_UNUSED_VARIABLE = YES;
				IPHONEOS_DEPLOYMENT_TARGET = 11.0;
				MTL_ENABLE_DEBUG_INFO = YES;
				ONLY_ACTIVE_ARCH = YES;
				SDKROOT = iphoneos;
				SWIFT_ACTIVE_COMPILATION_CONDITIONS = DEBUG;
				SWIFT_OPTIMIZATION_LEVEL = "-Onone";
			};
			name = Debug;
		};
		59D0FFBA1F3C070200CC371A /* Release */ = {
			isa = XCBuildConfiguration;
			buildSettings = {
				ALWAYS_SEARCH_USER_PATHS = NO;
				CLANG_ANALYZER_NONNULL = YES;
				CLANG_ANALYZER_NUMBER_OBJECT_CONVERSION = YES_AGGRESSIVE;
				CLANG_CXX_LANGUAGE_STANDARD = "gnu++14";
				CLANG_CXX_LIBRARY = "libc++";
				CLANG_ENABLE_MODULES = YES;
				CLANG_ENABLE_OBJC_ARC = YES;
				CLANG_WARN_BLOCK_CAPTURE_AUTORELEASING = YES;
				CLANG_WARN_BOOL_CONVERSION = YES;
				CLANG_WARN_COMMA = YES;
				CLANG_WARN_CONSTANT_CONVERSION = YES;
				CLANG_WARN_DIRECT_OBJC_ISA_USAGE = YES_ERROR;
				CLANG_WARN_DOCUMENTATION_COMMENTS = YES;
				CLANG_WARN_EMPTY_BODY = YES;
				CLANG_WARN_ENUM_CONVERSION = YES;
				CLANG_WARN_INFINITE_RECURSION = YES;
				CLANG_WARN_INT_CONVERSION = YES;
				CLANG_WARN_NON_LITERAL_NULL_CONVERSION = YES;
				CLANG_WARN_OBJC_LITERAL_CONVERSION = YES;
				CLANG_WARN_OBJC_ROOT_CLASS = YES_ERROR;
				CLANG_WARN_RANGE_LOOP_ANALYSIS = YES;
				CLANG_WARN_STRICT_PROTOTYPES = YES;
				CLANG_WARN_SUSPICIOUS_MOVE = YES;
				CLANG_WARN_UNGUARDED_AVAILABILITY = YES_AGGRESSIVE;
				CLANG_WARN_UNREACHABLE_CODE = YES;
				CLANG_WARN__DUPLICATE_METHOD_MATCH = YES;
				CODE_SIGN_IDENTITY = "iPhone Developer";
				COPY_PHASE_STRIP = NO;
				DEBUG_INFORMATION_FORMAT = "dwarf-with-dsym";
				ENABLE_NS_ASSERTIONS = NO;
				ENABLE_STRICT_OBJC_MSGSEND = YES;
				GCC_C_LANGUAGE_STANDARD = gnu11;
				GCC_NO_COMMON_BLOCKS = YES;
				GCC_WARN_64_TO_32_BIT_CONVERSION = YES;
				GCC_WARN_ABOUT_RETURN_TYPE = YES_ERROR;
				GCC_WARN_UNDECLARED_SELECTOR = YES;
				GCC_WARN_UNINITIALIZED_AUTOS = YES_AGGRESSIVE;
				GCC_WARN_UNUSED_FUNCTION = YES;
				GCC_WARN_UNUSED_VARIABLE = YES;
				IPHONEOS_DEPLOYMENT_TARGET = 11.0;
				MTL_ENABLE_DEBUG_INFO = NO;
				SDKROOT = iphoneos;
				SWIFT_OPTIMIZATION_LEVEL = "-Owholemodule";
				VALIDATE_PRODUCT = YES;
			};
			name = Release;
		};
		59D0FFBC1F3C070200CC371A /* Debug */ = {
			isa = XCBuildConfiguration;
			buildSettings = {
				ASSETCATALOG_COMPILER_APPICON_NAME = AppIcon;
				INFOPLIST_FILE = CollectionVC/Info.plist;
				LD_RUNPATH_SEARCH_PATHS = "$(inherited) @executable_path/Frameworks";
				PRODUCT_BUNDLE_IDENTIFIER = ta03333.CollectionVC;
				PRODUCT_NAME = "$(TARGET_NAME)";
				SWIFT_VERSION = 4.0;
				TARGETED_DEVICE_FAMILY = "1,2";
			};
			name = Debug;
		};
		59D0FFBD1F3C070200CC371A /* Release */ = {
			isa = XCBuildConfiguration;
			buildSettings = {
				ASSETCATALOG_COMPILER_APPICON_NAME = AppIcon;
				INFOPLIST_FILE = CollectionVC/Info.plist;
				LD_RUNPATH_SEARCH_PATHS = "$(inherited) @executable_path/Frameworks";
				PRODUCT_BUNDLE_IDENTIFIER = ta03333.CollectionVC;
				PRODUCT_NAME = "$(TARGET_NAME)";
				SWIFT_VERSION = 4.0;
				TARGETED_DEVICE_FAMILY = "1,2";
			};
			name = Release;
		};
		59D0FFBF1F3C070200CC371A /* Debug */ = {
			isa = XCBuildConfiguration;
			buildSettings = {
				ALWAYS_EMBED_SWIFT_STANDARD_LIBRARIES = YES;
				BUNDLE_LOADER = "$(TEST_HOST)";
				INFOPLIST_FILE = CollectionVCTests/Info.plist;
				LD_RUNPATH_SEARCH_PATHS = "$(inherited) @executable_path/Frameworks @loader_path/Frameworks";
				PRODUCT_BUNDLE_IDENTIFIER = ta03333.CollectionVCTests;
				PRODUCT_NAME = "$(TARGET_NAME)";
				SWIFT_VERSION = 4.0;
				TARGETED_DEVICE_FAMILY = "1,2";
				TEST_HOST = "$(BUILT_PRODUCTS_DIR)/CollectionVC.app/CollectionVC";
			};
			name = Debug;
		};
		59D0FFC01F3C070200CC371A /* Release */ = {
			isa = XCBuildConfiguration;
			buildSettings = {
				ALWAYS_EMBED_SWIFT_STANDARD_LIBRARIES = YES;
				BUNDLE_LOADER = "$(TEST_HOST)";
				INFOPLIST_FILE = CollectionVCTests/Info.plist;
				LD_RUNPATH_SEARCH_PATHS = "$(inherited) @executable_path/Frameworks @loader_path/Frameworks";
				PRODUCT_BUNDLE_IDENTIFIER = ta03333.CollectionVCTests;
				PRODUCT_NAME = "$(TARGET_NAME)";
				SWIFT_VERSION = 4.0;
				TARGETED_DEVICE_FAMILY = "1,2";
				TEST_HOST = "$(BUILT_PRODUCTS_DIR)/CollectionVC.app/CollectionVC";
			};
			name = Release;
		};
		59D0FFC21F3C070200CC371A /* Debug */ = {
			isa = XCBuildConfiguration;
			buildSettings = {
				ALWAYS_EMBED_SWIFT_STANDARD_LIBRARIES = YES;
				INFOPLIST_FILE = CollectionVCUITests/Info.plist;
				LD_RUNPATH_SEARCH_PATHS = "$(inherited) @executable_path/Frameworks @loader_path/Frameworks";
				PRODUCT_BUNDLE_IDENTIFIER = ta03333.CollectionVCUITests;
				PRODUCT_NAME = "$(TARGET_NAME)";
				SWIFT_VERSION = 4.0;
				TARGETED_DEVICE_FAMILY = "1,2";
				TEST_TARGET_NAME = CollectionVC;
			};
			name = Debug;
		};
		59D0FFC31F3C070200CC371A /* Release */ = {
			isa = XCBuildConfiguration;
			buildSettings = {
				ALWAYS_EMBED_SWIFT_STANDARD_LIBRARIES = YES;
				INFOPLIST_FILE = CollectionVCUITests/Info.plist;
				LD_RUNPATH_SEARCH_PATHS = "$(inherited) @executable_path/Frameworks @loader_path/Frameworks";
				PRODUCT_BUNDLE_IDENTIFIER = ta03333.CollectionVCUITests;
				PRODUCT_NAME = "$(TARGET_NAME)";
				SWIFT_VERSION = 4.0;
				TARGETED_DEVICE_FAMILY = "1,2";
				TEST_TARGET_NAME = CollectionVC;
			};
			name = Release;
		};
/* End XCBuildConfiguration section */

/* Begin XCConfigurationList section */
		59D0FF8E1F3C070200CC371A /* Build configuration list for PBXProject "CollectionVC" */ = {
			isa = XCConfigurationList;
			buildConfigurations = (
				59D0FFB91F3C070200CC371A /* Debug */,
				59D0FFBA1F3C070200CC371A /* Release */,
			);
			defaultConfigurationIsVisible = 0;
			defaultConfigurationName = Release;
		};
		59D0FFBB1F3C070200CC371A /* Build configuration list for PBXNativeTarget "CollectionVC" */ = {
			isa = XCConfigurationList;
			buildConfigurations = (
				59D0FFBC1F3C070200CC371A /* Debug */,
				59D0FFBD1F3C070200CC371A /* Release */,
			);
			defaultConfigurationIsVisible = 0;
			defaultConfigurationName = Release;
		};
		59D0FFBE1F3C070200CC371A /* Build configuration list for PBXNativeTarget "CollectionVCTests" */ = {
			isa = XCConfigurationList;
			buildConfigurations = (
				59D0FFBF1F3C070200CC371A /* Debug */,
				59D0FFC01F3C070200CC371A /* Release */,
			);
			defaultConfigurationIsVisible = 0;
			defaultConfigurationName = Release;
		};
		59D0FFC11F3C070200CC371A /* Build configuration list for PBXNativeTarget "CollectionVCUITests" */ = {
			isa = XCConfigurationList;
			buildConfigurations = (
				59D0FFC21F3C070200CC371A /* Debug */,
				59D0FFC31F3C070200CC371A /* Release */,
			);
			defaultConfigurationIsVisible = 0;
			defaultConfigurationName = Release;
		};
/* End XCConfigurationList section */
	};
	rootObject = 59D0FF8B1F3C070200CC371A /* Project object */;
}
